
Microsoft Visual Studio Solution File, Format Version 12.00
# Visual Studio Version 17
VisualStudioVersion = 17.1.32328.378
MinimumVisualStudioVersion = 10.0.40219.1
Project("{FAE04EC0-301F-11D3-BF4B-00C04F79EFBC}") = "9-Escopo", "9-Escopo.csproj", "{0E68939A-FF85-4BC8-B435-A966C212B700}"
EndProject
Global
	GlobalSection(SolutionConfigurationPlatforms) = preSolution
		Debug|Any CPU = Debug|Any CPU
		Release|Any CPU = Release|Any CPU
	EndGlobalSection
	GlobalSection(ProjectConfigurationPlatforms) = postSolution
		{0E68939A-FF85-4BC8-B435-A966C212B700}.Debug|Any CPU.ActiveCfg = Debug|Any CPU
		{0E68939A-FF85-4BC8-B435-A966C212B700}.Debug|Any CPU.Build.0 = Debug|Any CPU
		{0E68939A-FF85-4BC8-B435-A966C212B700}.Release|Any CPU.ActiveCfg = Release|Any CPU
		{0E68939A-FF85-4BC8-B435-A966C212B700}.Release|Any CPU.Build.0 = Release|Any CPU
	EndGlobalSection
	GlobalSection(SolutionProperties) = preSolution
		HideSolutionNode = FALSE
	EndGlobalSection
	GlobalSection(ExtensibilityGlobals) = postSolution
		SolutionGuid = {463AEF18-8559-4971-A7E1-60F3CAB792EC}
	EndGlobalSection
EndGlobal
