
Microsoft Visual Studio Solution File, Format Version 12.00
# Visual Studio Version 17
VisualStudioVersion = 17.1.32328.378
MinimumVisualStudioVersion = 10.0.40219.1
Project("{FAE04EC0-301F-11D3-BF4B-00C04F79EFBC}") = "Exercicios1-EstruturasDeRepeticao", "Exercicios1-EstruturasDeRepeticao.csproj", "{DBD8763B-A36D-4635-B610-567E7A73703C}"
EndProject
Global
	GlobalSection(SolutionConfigurationPlatforms) = preSolution
		Debug|Any CPU = Debug|Any CPU
		Release|Any CPU = Release|Any CPU
	EndGlobalSection
	GlobalSection(ProjectConfigurationPlatforms) = postSolution
		{DBD8763B-A36D-4635-B610-567E7A73703C}.Debug|Any CPU.ActiveCfg = Debug|Any CPU
		{DBD8763B-A36D-4635-B610-567E7A73703C}.Debug|Any CPU.Build.0 = Debug|Any CPU
		{DBD8763B-A36D-4635-B610-567E7A73703C}.Release|Any CPU.ActiveCfg = Release|Any CPU
		{DBD8763B-A36D-4635-B610-567E7A73703C}.Release|Any CPU.Build.0 = Release|Any CPU
	EndGlobalSection
	GlobalSection(SolutionProperties) = preSolution
		HideSolutionNode = FALSE
	EndGlobalSection
	GlobalSection(ExtensibilityGlobals) = postSolution
		SolutionGuid = {61F0D32B-2C6F-4EBC-8FE2-F8F737C9E986}
	EndGlobalSection
EndGlobal
