
Microsoft Visual Studio Solution File, Format Version 12.00
# Visual Studio Version 17
VisualStudioVersion = 17.1.32328.378
MinimumVisualStudioVersion = 10.0.40219.1
Project("{FAE04EC0-301F-11D3-BF4B-00C04F79EFBC}") = "Exercicios", "Exercicios\Exercicios.csproj", "{15F08221-4B5E-4B6A-B837-899B8B7BF893}"
EndProject
Global
	GlobalSection(SolutionConfigurationPlatforms) = preSolution
		Debug|Any CPU = Debug|Any CPU
		Release|Any CPU = Release|Any CPU
	EndGlobalSection
	GlobalSection(ProjectConfigurationPlatforms) = postSolution
		{15F08221-4B5E-4B6A-B837-899B8B7BF893}.Debug|Any CPU.ActiveCfg = Debug|Any CPU
		{15F08221-4B5E-4B6A-B837-899B8B7BF893}.Debug|Any CPU.Build.0 = Debug|Any CPU
		{15F08221-4B5E-4B6A-B837-899B8B7BF893}.Release|Any CPU.ActiveCfg = Release|Any CPU
		{15F08221-4B5E-4B6A-B837-899B8B7BF893}.Release|Any CPU.Build.0 = Release|Any CPU
	EndGlobalSection
	GlobalSection(SolutionProperties) = preSolution
		HideSolutionNode = FALSE
	EndGlobalSection
	GlobalSection(ExtensibilityGlobals) = postSolution
		SolutionGuid = {8FE318A1-1554-47D6-A1F0-9387E6A06800}
	EndGlobalSection
EndGlobal
