
Microsoft Visual Studio Solution File, Format Version 12.00
# Visual Studio Version 17
VisualStudioVersion = 17.1.32328.378
MinimumVisualStudioVersion = 10.0.40219.1
Project("{FAE04EC0-301F-11D3-BF4B-00C04F79EFBC}") = "P12-CalculaInvestimentoLongoPrazo", "P12-CalculaInvestimentoLongoPrazo.csproj", "{D0A9FDC8-1FB5-48B3-A6D0-43E0AB3067E3}"
EndProject
Global
	GlobalSection(SolutionConfigurationPlatforms) = preSolution
		Debug|Any CPU = Debug|Any CPU
		Release|Any CPU = Release|Any CPU
	EndGlobalSection
	GlobalSection(ProjectConfigurationPlatforms) = postSolution
		{D0A9FDC8-1FB5-48B3-A6D0-43E0AB3067E3}.Debug|Any CPU.ActiveCfg = Debug|Any CPU
		{D0A9FDC8-1FB5-48B3-A6D0-43E0AB3067E3}.Debug|Any CPU.Build.0 = Debug|Any CPU
		{D0A9FDC8-1FB5-48B3-A6D0-43E0AB3067E3}.Release|Any CPU.ActiveCfg = Release|Any CPU
		{D0A9FDC8-1FB5-48B3-A6D0-43E0AB3067E3}.Release|Any CPU.Build.0 = Release|Any CPU
	EndGlobalSection
	GlobalSection(SolutionProperties) = preSolution
		HideSolutionNode = FALSE
	EndGlobalSection
	GlobalSection(ExtensibilityGlobals) = postSolution
		SolutionGuid = {3128BB8A-3C4C-4F31-AEC6-E2FE99E24EF1}
	EndGlobalSection
EndGlobal
