
Microsoft Visual Studio Solution File, Format Version 12.00
# Visual Studio Version 17
VisualStudioVersion = 17.1.32328.378
MinimumVisualStudioVersion = 10.0.40219.1
Project("{9A19103F-16F7-4668-BE54-9A1E7A4F7556}") = "ExercicioGame", "ExercicioGame\ExercicioGame.csproj", "{4C3FBD02-2E48-4DE6-9DBD-BD34027999DA}"
EndProject
Project("{9A19103F-16F7-4668-BE54-9A1E7A4F7556}") = "ContaCorrente", "ContaCorrente\ContaCorrente.csproj", "{57494F8C-8EF5-440D-AF4C-24438134682D}"
EndProject
Project("{FAE04EC0-301F-11D3-BF4B-00C04F79EFBC}") = "ContaCorrente2", "ContaCorrente2\ContaCorrente2.csproj", "{FC7A2D2C-4E82-43DA-8DF6-9B7C0992BC9A}"
EndProject
Global
	GlobalSection(SolutionConfigurationPlatforms) = preSolution
		Debug|Any CPU = Debug|Any CPU
		Release|Any CPU = Release|Any CPU
	EndGlobalSection
	GlobalSection(ProjectConfigurationPlatforms) = postSolution
		{4C3FBD02-2E48-4DE6-9DBD-BD34027999DA}.Debug|Any CPU.ActiveCfg = Debug|Any CPU
		{4C3FBD02-2E48-4DE6-9DBD-BD34027999DA}.Debug|Any CPU.Build.0 = Debug|Any CPU
		{4C3FBD02-2E48-4DE6-9DBD-BD34027999DA}.Release|Any CPU.ActiveCfg = Release|Any CPU
		{4C3FBD02-2E48-4DE6-9DBD-BD34027999DA}.Release|Any CPU.Build.0 = Release|Any CPU
		{57494F8C-8EF5-440D-AF4C-24438134682D}.Debug|Any CPU.ActiveCfg = Debug|Any CPU
		{57494F8C-8EF5-440D-AF4C-24438134682D}.Debug|Any CPU.Build.0 = Debug|Any CPU
		{57494F8C-8EF5-440D-AF4C-24438134682D}.Release|Any CPU.ActiveCfg = Release|Any CPU
		{57494F8C-8EF5-440D-AF4C-24438134682D}.Release|Any CPU.Build.0 = Release|Any CPU
		{FC7A2D2C-4E82-43DA-8DF6-9B7C0992BC9A}.Debug|Any CPU.ActiveCfg = Debug|Any CPU
		{FC7A2D2C-4E82-43DA-8DF6-9B7C0992BC9A}.Debug|Any CPU.Build.0 = Debug|Any CPU
		{FC7A2D2C-4E82-43DA-8DF6-9B7C0992BC9A}.Release|Any CPU.ActiveCfg = Release|Any CPU
		{FC7A2D2C-4E82-43DA-8DF6-9B7C0992BC9A}.Release|Any CPU.Build.0 = Release|Any CPU
	EndGlobalSection
	GlobalSection(SolutionProperties) = preSolution
		HideSolutionNode = FALSE
	EndGlobalSection
	GlobalSection(ExtensibilityGlobals) = postSolution
		SolutionGuid = {A0122C44-BA92-4296-86CE-00A188793828}
	EndGlobalSection
EndGlobal
